// !$*UTF8*$!
{
	archiveVersion = 1;
	classes = {
	};
	objectVersion = 46;
	objects = {

/* Begin PBXBuildFile section */
		872CA1072421F0FA005D043A /* SelectionItem.m in Sources */ = {isa = PBXBuildFile; fileRef = 872CA1062421F0FA005D043A /* SelectionItem.m */; };
		872CA10D2421FCA5005D043A /* ThemedButton.m in Sources */ = {isa = PBXBuildFile; fileRef = 872CA10C2421FCA5005D043A /* ThemedButton.m */; };
		872CA10F2421FFC0005D043A /* calculator@3x.png in Resources */ = {isa = PBXBuildFile; fileRef = 872CA10E2421FFC0005D043A /* calculator@3x.png */; };
		872CA1112421FFC6005D043A /* calculator@2x.png in Resources */ = {isa = PBXBuildFile; fileRef = 872CA1102421FFC6005D043A /* calculator@2x.png */; };
		872CA1132421FFCB005D043A /* calculator.png in Resources */ = {isa = PBXBuildFile; fileRef = 872CA1122421FFCB005D043A /* calculator.png */; };
		87447D09245889060096F2D9 /* iPadManageUsersViewController.m in Sources */ = {isa = PBXBuildFile; fileRef = 87447D07245889060096F2D9 /* iPadManageUsersViewController.m */; };
		87447D0A245889060096F2D9 /* iPadManageUsersViewController.xib in Resources */ = {isa = PBXBuildFile; fileRef = 87447D08245889060096F2D9 /* iPadManageUsersViewController.xib */; };
		87447D0D2458DCFB0096F2D9 /* iPadAddUserFormViewController.m in Sources */ = {isa = PBXBuildFile; fileRef = 87447D0C2458DCFB0096F2D9 /* iPadAddUserFormViewController.m */; };
		87447D142458ED680096F2D9 /* iPadManageCustomersViewController.m in Sources */ = {isa = PBXBuildFile; fileRef = 87447D122458ED680096F2D9 /* iPadManageCustomersViewController.m */; };
		87447D152458ED680096F2D9 /* iPadManageCustomersViewController.xib in Resources */ = {isa = PBXBuildFile; fileRef = 87447D132458ED680096F2D9 /* iPadManageCustomersViewController.xib */; };
		87447D18245922120096F2D9 /* BatterCalculationManager.m in Sources */ = {isa = PBXBuildFile; fileRef = 87447D17245922120096F2D9 /* BatterCalculationManager.m */; };
		87497A98241845BA003B0468 /* chocolate.png in Resources */ = {isa = PBXBuildFile; fileRef = 87497A97241845BA003B0468 /* chocolate.png */; };
		87497A9A241845BE003B0468 /* cake.png in Resources */ = {isa = PBXBuildFile; fileRef = 87497A99241845BE003B0468 /* cake.png */; };
		87497AA024186C25003B0468 /* star.png in Resources */ = {isa = PBXBuildFile; fileRef = 87497A9F24186C25003B0468 /* star.png */; };
		87497AA224186C29003B0468 /* star@2x.png in Resources */ = {isa = PBXBuildFile; fileRef = 87497AA124186C29003B0468 /* star@2x.png */; };
		87497AA424186C2E003B0468 /* star@3x.png in Resources */ = {isa = PBXBuildFile; fileRef = 87497AA324186C2E003B0468 /* star@3x.png */; };
		87497AA624186CC6003B0468 /* notebook.png in Resources */ = {isa = PBXBuildFile; fileRef = 87497AA524186CC6003B0468 /* notebook.png */; };
		87497AA824186CF4003B0468 /* notebook@2x.png in Resources */ = {isa = PBXBuildFile; fileRef = 87497AA724186CF4003B0468 /* notebook@2x.png */; };
		87497AAA24186CF8003B0468 /* notebook@3x.png in Resources */ = {isa = PBXBuildFile; fileRef = 87497AA924186CF8003B0468 /* notebook@3x.png */; };
		87497AAE24186DAB003B0468 /* iPadLogViewController.m in Sources */ = {isa = PBXBuildFile; fileRef = 87497AAC24186DAB003B0468 /* iPadLogViewController.m */; };
		87497AAF24186DAB003B0468 /* iPadLogViewController.xib in Resources */ = {isa = PBXBuildFile; fileRef = 87497AAD24186DAB003B0468 /* iPadLogViewController.xib */; };
		87497AB324187595003B0468 /* LogEntryTableViewCell.m in Sources */ = {isa = PBXBuildFile; fileRef = 87497AB124187595003B0468 /* LogEntryTableViewCell.m */; };
		87497AB424187595003B0468 /* LogEntryTableViewCell.xib in Resources */ = {isa = PBXBuildFile; fileRef = 87497AB224187595003B0468 /* LogEntryTableViewCell.xib */; };
		8767AC3D241F3CF000C8FD73 /* quarter.png in Resources */ = {isa = PBXBuildFile; fileRef = 8767AC3C241F3CF000C8FD73 /* quarter.png */; };
		8767AC3F241F3F5600C8FD73 /* half.png in Resources */ = {isa = PBXBuildFile; fileRef = 8767AC3E241F3F5600C8FD73 /* half.png */; };
		8767AC41241F3F5A00C8FD73 /* full.png in Resources */ = {isa = PBXBuildFile; fileRef = 8767AC40241F3F5A00C8FD73 /* full.png */; };
		8767AC43241F3F5E00C8FD73 /* round.png in Resources */ = {isa = PBXBuildFile; fileRef = 8767AC42241F3F5E00C8FD73 /* round.png */; };
		8767AC4C241F42BB00C8FD73 /* ItemSelectionView.m in Sources */ = {isa = PBXBuildFile; fileRef = 8767AC4A241F42BB00C8FD73 /* ItemSelectionView.m */; };
		8767AC4D241F42BB00C8FD73 /* ItemSelectionView.xib in Resources */ = {isa = PBXBuildFile; fileRef = 8767AC4B241F42BB00C8FD73 /* ItemSelectionView.xib */; };
		876DC54C2451475E00A1A5DA /* CustomerManager.m in Sources */ = {isa = PBXBuildFile; fileRef = 876DC54B2451475E00A1A5DA /* CustomerManager.m */; };
		876DC54F2451476600A1A5DA /* Customer.m in Sources */ = {isa = PBXBuildFile; fileRef = 876DC54E2451476600A1A5DA /* Customer.m */; };
		8785ABBC2437BFA80055C23C /* ThemedTextField.m in Sources */ = {isa = PBXBuildFile; fileRef = 8785ABBB2437BFA80055C23C /* ThemedTextField.m */; };
		8785ABBE2437C4A70055C23C /* logo.png in Resources */ = {isa = PBXBuildFile; fileRef = 8785ABBD2437C4A70055C23C /* logo.png */; };
		8785ABC72437D7060055C23C /* WindowManager.m in Sources */ = {isa = PBXBuildFile; fileRef = 8785ABC62437D7060055C23C /* WindowManager.m */; };
		8785ABCB2437F5B80055C23C /* iPadCalculationAddItemViewController.m in Sources */ = {isa = PBXBuildFile; fileRef = 8785ABC92437F5B80055C23C /* iPadCalculationAddItemViewController.m */; };
		8785ABCC2437F5B80055C23C /* iPadCalculationAddItemViewController.xib in Resources */ = {isa = PBXBuildFile; fileRef = 8785ABCA2437F5B80055C23C /* iPadCalculationAddItemViewController.xib */; };
		8785ABD02437FE290055C23C /* CalculationViewItemCell.m in Sources */ = {isa = PBXBuildFile; fileRef = 8785ABCE2437FE290055C23C /* CalculationViewItemCell.m */; };
		8785ABD12437FE290055C23C /* CalculationViewItemCell.xib in Resources */ = {isa = PBXBuildFile; fileRef = 8785ABCF2437FE290055C23C /* CalculationViewItemCell.xib */; };
		8785ABD5243800800055C23C /* iPadCalculationViewController.m in Sources */ = {isa = PBXBuildFile; fileRef = 8785ABD3243800800055C23C /* iPadCalculationViewController.m */; };
		8785ABD6243800800055C23C /* iPadCalculationViewController.xib in Resources */ = {isa = PBXBuildFile; fileRef = 8785ABD4243800800055C23C /* iPadCalculationViewController.xib */; };
		8785ABDA2438012D0055C23C /* iPadCalculationSummaryViewController.m in Sources */ = {isa = PBXBuildFile; fileRef = 8785ABD82438012D0055C23C /* iPadCalculationSummaryViewController.m */; };
		8785ABDB2438012D0055C23C /* iPadCalculationSummaryViewController.xib in Resources */ = {isa = PBXBuildFile; fileRef = 8785ABD92438012D0055C23C /* iPadCalculationSummaryViewController.xib */; };
		8785ABDF243803790055C23C /* iPadCalculationResultViewController.m in Sources */ = {isa = PBXBuildFile; fileRef = 8785ABDD243803790055C23C /* iPadCalculationResultViewController.m */; };
		8785ABE0243803790055C23C /* iPadCalculationResultViewController.xib in Resources */ = {isa = PBXBuildFile; fileRef = 8785ABDE243803790055C23C /* iPadCalculationResultViewController.xib */; };
		8790F15E2455387A0051B749 /* Manager.m in Sources */ = {isa = PBXBuildFile; fileRef = 8790F15D2455387A0051B749 /* Manager.m */; };
		8790F161245538900051B749 /* LoginManager.m in Sources */ = {isa = PBXBuildFile; fileRef = 8790F160245538900051B749 /* LoginManager.m */; };
		8798893824560D94006F686A /* iPadLogDetailViewController.m in Sources */ = {isa = PBXBuildFile; fileRef = 8798893624560D94006F686A /* iPadLogDetailViewController.m */; };
		8798893924560D94006F686A /* iPadLogDetailViewController.xib in Resources */ = {isa = PBXBuildFile; fileRef = 8798893724560D94006F686A /* iPadLogDetailViewController.xib */; };
		8798894524562A57006F686A /* MultiDetailTableViewCell.m in Sources */ = {isa = PBXBuildFile; fileRef = 8798894324562A57006F686A /* MultiDetailTableViewCell.m */; };
		8798894624562A57006F686A /* MultiDetailTableViewCell.xib in Resources */ = {isa = PBXBuildFile; fileRef = 8798894424562A57006F686A /* MultiDetailTableViewCell.xib */; };
		8798894F24564D68006F686A /* iPadUserSettingsViewController.m in Sources */ = {isa = PBXBuildFile; fileRef = 8798894D24564D68006F686A /* iPadUserSettingsViewController.m */; };
		8798895024564D68006F686A /* iPadUserSettingsViewController.xib in Resources */ = {isa = PBXBuildFile; fileRef = 8798894E24564D68006F686A /* iPadUserSettingsViewController.xib */; };
		8798895424565A78006F686A /* iPadModalFormEditor.m in Sources */ = {isa = PBXBuildFile; fileRef = 8798895224565A78006F686A /* iPadModalFormEditor.m */; };
		8798895F245674DD006F686A /* iPadChangePasswordFormViewController.m in Sources */ = {isa = PBXBuildFile; fileRef = 8798895D245674DD006F686A /* iPadChangePasswordFormViewController.m */; };
		87988964245679A3006F686A /* iPadChangeUsernameFormViewController.m in Sources */ = {isa = PBXBuildFile; fileRef = 87988962245679A3006F686A /* iPadChangeUsernameFormViewController.m */; };
		8798896924568B9B006F686A /* settings.png in Resources */ = {isa = PBXBuildFile; fileRef = 8798896624568B9B006F686A /* settings.png */; };
		8798896A24568B9B006F686A /* settings@2x.png in Resources */ = {isa = PBXBuildFile; fileRef = 8798896724568B9B006F686A /* settings@2x.png */; };
		8798896B24568B9B006F686A /* settings@3x.png in Resources */ = {isa = PBXBuildFile; fileRef = 8798896824568B9B006F686A /* settings@3x.png */; };
		87A15BC9245A288A00D33B6A /* Media.xcassets in Resources */ = {isa = PBXBuildFile; fileRef = 87A15BC8245A288A00D33B6A /* Media.xcassets */; };
		87A15BCE245A291D00D33B6A /* iPhonePlaceholderViewController.m in Sources */ = {isa = PBXBuildFile; fileRef = 87A15BCC245A291D00D33B6A /* iPhonePlaceholderViewController.m */; };
		87A15BCF245A291D00D33B6A /* iPhonePlaceholderViewController.xib in Resources */ = {isa = PBXBuildFile; fileRef = 87A15BCD245A291D00D33B6A /* iPhonePlaceholderViewController.xib */; };
		87B9B3A224381C5C0034A9BF /* OrderItem.m in Sources */ = {isa = PBXBuildFile; fileRef = 87B9B3A124381C5C0034A9BF /* OrderItem.m */; };
		87B9B3A524381C7C0034A9BF /* OrderManager.m in Sources */ = {isa = PBXBuildFile; fileRef = 87B9B3A424381C7C0034A9BF /* OrderManager.m */; };
		87B9B3A824381E110034A9BF /* Order.m in Sources */ = {isa = PBXBuildFile; fileRef = 87B9B3A724381E110034A9BF /* Order.m */; };
		87BD39A2244FE520005A7F59 /* SheetNavigationController.m in Sources */ = {isa = PBXBuildFile; fileRef = 87BD39A1244FE520005A7F59 /* SheetNavigationController.m */; };
		87BD39A6244FE773005A7F59 /* iPadSelectCustomerViewController.m in Sources */ = {isa = PBXBuildFile; fileRef = 87BD39A4244FE773005A7F59 /* iPadSelectCustomerViewController.m */; };
		87BD39A7244FE773005A7F59 /* iPadSelectCustomerViewController.xib in Resources */ = {isa = PBXBuildFile; fileRef = 87BD39A5244FE773005A7F59 /* iPadSelectCustomerViewController.xib */; };
		87BD39AB244FE7C2005A7F59 /* CustomerTableViewCell.m in Sources */ = {isa = PBXBuildFile; fileRef = 87BD39A9244FE7C2005A7F59 /* CustomerTableViewCell.m */; };
		87BD39AC244FE7C2005A7F59 /* CustomerTableViewCell.xib in Resources */ = {isa = PBXBuildFile; fileRef = 87BD39AA244FE7C2005A7F59 /* CustomerTableViewCell.xib */; };
		87BD39AE244FEBC7005A7F59 /* sihouette-large.png in Resources */ = {isa = PBXBuildFile; fileRef = 87BD39AD244FEBC7005A7F59 /* sihouette-large.png */; };
		87BD39B0244FEBCA005A7F59 /* sihouette-large@2x.png in Resources */ = {isa = PBXBuildFile; fileRef = 87BD39AF244FEBCA005A7F59 /* sihouette-large@2x.png */; };
		87BD39B4244FF31F005A7F59 /* iPadEditCustomerViewController.m in Sources */ = {isa = PBXBuildFile; fileRef = 87BD39B2244FF31F005A7F59 /* iPadEditCustomerViewController.m */; };
		87BD39B824500089005A7F59 /* Form.m in Sources */ = {isa = PBXBuildFile; fileRef = 87BD39B724500089005A7F59 /* Form.m */; };
		87BD39BB24500097005A7F59 /* FormSection.m in Sources */ = {isa = PBXBuildFile; fileRef = 87BD39BA24500097005A7F59 /* FormSection.m */; };
		87BD39BE245000A1005A7F59 /* FormItem.m in Sources */ = {isa = PBXBuildFile; fileRef = 87BD39BD245000A1005A7F59 /* FormItem.m */; };
		87C0C5272417C9C80093840D /* Foundation.framework in Frameworks */ = {isa = PBXBuildFile; fileRef = 87C0C5262417C9C80093840D /* Foundation.framework */; };
		87C0C5292417C9C80093840D /* CoreGraphics.framework in Frameworks */ = {isa = PBXBuildFile; fileRef = 87C0C5282417C9C80093840D /* CoreGraphics.framework */; };
		87C0C52B2417C9C80093840D /* UIKit.framework in Frameworks */ = {isa = PBXBuildFile; fileRef = 87C0C52A2417C9C80093840D /* UIKit.framework */; };
		87C0C5312417C9C80093840D /* InfoPlist.strings in Resources */ = {isa = PBXBuildFile; fileRef = 87C0C52F2417C9C80093840D /* InfoPlist.strings */; };
		87C0C5332417C9C80093840D /* main.m in Sources */ = {isa = PBXBuildFile; fileRef = 87C0C5322417C9C80093840D /* main.m */; };
		87C0C5372417C9C80093840D /* AppDelegate.m in Sources */ = {isa = PBXBuildFile; fileRef = 87C0C5362417C9C80093840D /* AppDelegate.m */; };
		87C0C5392417C9C80093840D /* Images.xcassets in Resources */ = {isa = PBXBuildFile; fileRef = 87C0C5382417C9C80093840D /* Images.xcassets */; };
		87C0C5402417C9C80093840D /* XCTest.framework in Frameworks */ = {isa = PBXBuildFile; fileRef = 87C0C53F2417C9C80093840D /* XCTest.framework */; };
		87C0C5412417C9C80093840D /* Foundation.framework in Frameworks */ = {isa = PBXBuildFile; fileRef = 87C0C5262417C9C80093840D /* Foundation.framework */; };
		87C0C5422417C9C80093840D /* UIKit.framework in Frameworks */ = {isa = PBXBuildFile; fileRef = 87C0C52A2417C9C80093840D /* UIKit.framework */; };
		87C0C54A2417C9C80093840D /* InfoPlist.strings in Resources */ = {isa = PBXBuildFile; fileRef = 87C0C5482417C9C80093840D /* InfoPlist.strings */; };
		87C0C54C2417C9C80093840D /* Paul_s_BakeryTests.m in Sources */ = {isa = PBXBuildFile; fileRef = 87C0C54B2417C9C80093840D /* Paul_s_BakeryTests.m */; };
		87C2098D245767D500B6C111 /* UserManager.m in Sources */ = {isa = PBXBuildFile; fileRef = 87C2098C245767D500B6C111 /* UserManager.m */; };
		87C20991245781D400B6C111 /* UserTableViewCell.m in Sources */ = {isa = PBXBuildFile; fileRef = 87C2098F245781D400B6C111 /* UserTableViewCell.m */; };
		87C20992245781D400B6C111 /* UserTableViewCell.xib in Resources */ = {isa = PBXBuildFile; fileRef = 87C20990245781D400B6C111 /* UserTableViewCell.xib */; };
		87C209962457879E00B6C111 /* iPadManageInventoryViewController.m in Sources */ = {isa = PBXBuildFile; fileRef = 87C209942457879E00B6C111 /* iPadManageInventoryViewController.m */; };
		87C209972457879E00B6C111 /* iPadManageInventoryViewController.xib in Resources */ = {isa = PBXBuildFile; fileRef = 87C209952457879E00B6C111 /* iPadManageInventoryViewController.xib */; };
		87C2099A245796D300B6C111 /* InventoryManager.m in Sources */ = {isa = PBXBuildFile; fileRef = 87C20999245796D300B6C111 /* InventoryManager.m */; };
		87C2099D2457997D00B6C111 /* Inventory.m in Sources */ = {isa = PBXBuildFile; fileRef = 87C2099C2457997D00B6C111 /* Inventory.m */; };
		87C209A02457998B00B6C111 /* InventoryItem.m in Sources */ = {isa = PBXBuildFile; fileRef = 87C2099F2457998B00B6C111 /* InventoryItem.m */; };
		87C209A32457EAFF00B6C111 /* FormItemSelection.m in Sources */ = {isa = PBXBuildFile; fileRef = 87C209A22457EAFF00B6C111 /* FormItemSelection.m */; };
		87C209A62457EE0900B6C111 /* iPadEditUserFormViewController.m in Sources */ = {isa = PBXBuildFile; fileRef = 87C209A52457EE0900B6C111 /* iPadEditUserFormViewController.m */; };
		87C209A92457F42A00B6C111 /* ModalFormSelectionEditor.m in Sources */ = {isa = PBXBuildFile; fileRef = 87C209A82457F42A00B6C111 /* ModalFormSelectionEditor.m */; };
		87CA19B72436D7AA00036F7B /* User.m in Sources */ = {isa = PBXBuildFile; fileRef = 87CA19B62436D7AA00036F7B /* User.m */; };
		87CA19BD2436E50600036F7B /* PreferencesHandler.m in Sources */ = {isa = PBXBuildFile; fileRef = 87CA19BC2436E50600036F7B /* PreferencesHandler.m */; };
		87CE36A82436AABC00C48742 /* iPadLoginViewController.m in Sources */ = {isa = PBXBuildFile; fileRef = 87CE36A62436AABC00C48742 /* iPadLoginViewController.m */; };
		87CE36A92436AABC00C48742 /* iPadLoginViewController.xib in Resources */ = {isa = PBXBuildFile; fileRef = 87CE36A72436AABC00C48742 /* iPadLoginViewController.xib */; };
		87CE36AF2436B3B400C48742 /* RESTQueryController.m in Sources */ = {isa = PBXBuildFile; fileRef = 87CE36AE2436B3B400C48742 /* RESTQueryController.m */; };
		87D166C32417EF8500E866A2 /* iPadAdminViewController.m in Sources */ = {isa = PBXBuildFile; fileRef = 87D166C12417EF8500E866A2 /* iPadAdminViewController.m */; };
		87D166C42417EF8500E866A2 /* iPadAdminViewController.xib in Resources */ = {isa = PBXBuildFile; fileRef = 87D166C22417EF8500E866A2 /* iPadAdminViewController.xib */; };
		87D166C82417F2A600E866A2 /* iPadSummaryViewController.m in Sources */ = {isa = PBXBuildFile; fileRef = 87D166C62417F2A600E866A2 /* iPadSummaryViewController.m */; };
		87D166C92417F2A600E866A2 /* iPadSummaryViewController.xib in Resources */ = {isa = PBXBuildFile; fileRef = 87D166C72417F2A600E866A2 /* iPadSummaryViewController.xib */; };
		87E131DB243A917B00C77514 /* iPadEditOrderViewController.m in Sources */ = {isa = PBXBuildFile; fileRef = 87E131D9243A917B00C77514 /* iPadEditOrderViewController.m */; };
		87E131DC243A917B00C77514 /* iPadEditOrderViewController.xib in Resources */ = {isa = PBXBuildFile; fileRef = 87E131DA243A917B00C77514 /* iPadEditOrderViewController.xib */; };
		CE197BC0245A2E1200761021 /* LaunchScreen.storyboard in Resources */ = {isa = PBXBuildFile; fileRef = CE197BBF245A2E1200761021 /* LaunchScreen.storyboard */; };
/* End PBXBuildFile section */

/* Begin PBXContainerItemProxy section */
		87C0C5432417C9C80093840D /* PBXContainerItemProxy */ = {
			isa = PBXContainerItemProxy;
			containerPortal = 87C0C51B2417C9C80093840D /* Project object */;
			proxyType = 1;
			remoteGlobalIDString = 87C0C5222417C9C80093840D;
			remoteInfo = "Paul's Bakery";
		};
/* End PBXContainerItemProxy section */

/* Begin PBXFileReference section */
		872CA1052421F0FA005D043A /* SelectionItem.h */ = {isa = PBXFileReference; fileEncoding = 4; lastKnownFileType = sourcecode.c.h; path = SelectionItem.h; sourceTree = "<group>"; };
		872CA1062421F0FA005D043A /* SelectionItem.m */ = {isa = PBXFileReference; fileEncoding = 4; lastKnownFileType = sourcecode.c.objc; path = SelectionItem.m; sourceTree = "<group>"; };
		872CA10B2421FCA5005D043A /* ThemedButton.h */ = {isa = PBXFileReference; fileEncoding = 4; lastKnownFileType = sourcecode.c.h; path = ThemedButton.h; sourceTree = "<group>"; };
		872CA10C2421FCA5005D043A /* ThemedButton.m */ = {isa = PBXFileReference; fileEncoding = 4; lastKnownFileType = sourcecode.c.objc; path = ThemedButton.m; sourceTree = "<group>"; };
		872CA10E2421FFC0005D043A /* calculator@3x.png */ = {isa = PBXFileReference; lastKnownFileType = image.png; path = "calculator@3x.png"; sourceTree = "<group>"; };
		872CA1102421FFC6005D043A /* calculator@2x.png */ = {isa = PBXFileReference; lastKnownFileType = image.png; path = "calculator@2x.png"; sourceTree = "<group>"; };
		872CA1122421FFCB005D043A /* calculator.png */ = {isa = PBXFileReference; lastKnownFileType = image.png; path = calculator.png; sourceTree = "<group>"; };
		87447D06245889060096F2D9 /* iPadManageUsersViewController.h */ = {isa = PBXFileReference; fileEncoding = 4; lastKnownFileType = sourcecode.c.h; path = iPadManageUsersViewController.h; sourceTree = "<group>"; };
		87447D07245889060096F2D9 /* iPadManageUsersViewController.m */ = {isa = PBXFileReference; fileEncoding = 4; lastKnownFileType = sourcecode.c.objc; path = iPadManageUsersViewController.m; sourceTree = "<group>"; };
		87447D08245889060096F2D9 /* iPadManageUsersViewController.xib */ = {isa = PBXFileReference; fileEncoding = 4; lastKnownFileType = file.xib; path = iPadManageUsersViewController.xib; sourceTree = "<group>"; };
		87447D0B2458DCFB0096F2D9 /* iPadAddUserFormViewController.h */ = {isa = PBXFileReference; fileEncoding = 4; lastKnownFileType = sourcecode.c.h; path = iPadAddUserFormViewController.h; sourceTree = "<group>"; };
		87447D0C2458DCFB0096F2D9 /* iPadAddUserFormViewController.m */ = {isa = PBXFileReference; fileEncoding = 4; lastKnownFileType = sourcecode.c.objc; path = iPadAddUserFormViewController.m; sourceTree = "<group>"; };
		87447D112458ED680096F2D9 /* iPadManageCustomersViewController.h */ = {isa = PBXFileReference; fileEncoding = 4; lastKnownFileType = sourcecode.c.h; path = iPadManageCustomersViewController.h; sourceTree = "<group>"; };
		87447D122458ED680096F2D9 /* iPadManageCustomersViewController.m */ = {isa = PBXFileReference; fileEncoding = 4; lastKnownFileType = sourcecode.c.objc; path = iPadManageCustomersViewController.m; sourceTree = "<group>"; };
		87447D132458ED680096F2D9 /* iPadManageCustomersViewController.xib */ = {isa = PBXFileReference; fileEncoding = 4; lastKnownFileType = file.xib; path = iPadManageCustomersViewController.xib; sourceTree = "<group>"; };
		87447D16245922120096F2D9 /* BatterCalculationManager.h */ = {isa = PBXFileReference; fileEncoding = 4; lastKnownFileType = sourcecode.c.h; path = BatterCalculationManager.h; sourceTree = "<group>"; };
		87447D17245922120096F2D9 /* BatterCalculationManager.m */ = {isa = PBXFileReference; fileEncoding = 4; lastKnownFileType = sourcecode.c.objc; path = BatterCalculationManager.m; sourceTree = "<group>"; };
		87497A97241845BA003B0468 /* chocolate.png */ = {isa = PBXFileReference; lastKnownFileType = image.png; path = chocolate.png; sourceTree = "<group>"; };
		87497A99241845BE003B0468 /* cake.png */ = {isa = PBXFileReference; lastKnownFileType = image.png; path = cake.png; sourceTree = "<group>"; };
		87497A9F24186C25003B0468 /* star.png */ = {isa = PBXFileReference; lastKnownFileType = image.png; path = star.png; sourceTree = "<group>"; };
		87497AA124186C29003B0468 /* star@2x.png */ = {isa = PBXFileReference; lastKnownFileType = image.png; path = "star@2x.png"; sourceTree = "<group>"; };
		87497AA324186C2E003B0468 /* star@3x.png */ = {isa = PBXFileReference; lastKnownFileType = image.png; path = "star@3x.png"; sourceTree = "<group>"; };
		87497AA524186CC6003B0468 /* notebook.png */ = {isa = PBXFileReference; lastKnownFileType = image.png; path = notebook.png; sourceTree = "<group>"; };
		87497AA724186CF4003B0468 /* notebook@2x.png */ = {isa = PBXFileReference; lastKnownFileType = image.png; path = "notebook@2x.png"; sourceTree = "<group>"; };
		87497AA924186CF8003B0468 /* notebook@3x.png */ = {isa = PBXFileReference; lastKnownFileType = image.png; path = "notebook@3x.png"; sourceTree = "<group>"; };
		87497AAB24186DAB003B0468 /* iPadLogViewController.h */ = {isa = PBXFileReference; fileEncoding = 4; lastKnownFileType = sourcecode.c.h; path = iPadLogViewController.h; sourceTree = "<group>"; };
		87497AAC24186DAB003B0468 /* iPadLogViewController.m */ = {isa = PBXFileReference; fileEncoding = 4; lastKnownFileType = sourcecode.c.objc; path = iPadLogViewController.m; sourceTree = "<group>"; };
		87497AAD24186DAB003B0468 /* iPadLogViewController.xib */ = {isa = PBXFileReference; fileEncoding = 4; lastKnownFileType = file.xib; path = iPadLogViewController.xib; sourceTree = "<group>"; };
		87497AB024187595003B0468 /* LogEntryTableViewCell.h */ = {isa = PBXFileReference; fileEncoding = 4; lastKnownFileType = sourcecode.c.h; path = LogEntryTableViewCell.h; sourceTree = "<group>"; };
		87497AB124187595003B0468 /* LogEntryTableViewCell.m */ = {isa = PBXFileReference; fileEncoding = 4; lastKnownFileType = sourcecode.c.objc; path = LogEntryTableViewCell.m; sourceTree = "<group>"; };
		87497AB224187595003B0468 /* LogEntryTableViewCell.xib */ = {isa = PBXFileReference; fileEncoding = 4; lastKnownFileType = file.xib; path = LogEntryTableViewCell.xib; sourceTree = "<group>"; };
		8767AC3C241F3CF000C8FD73 /* quarter.png */ = {isa = PBXFileReference; lastKnownFileType = image.png; path = quarter.png; sourceTree = "<group>"; };
		8767AC3E241F3F5600C8FD73 /* half.png */ = {isa = PBXFileReference; lastKnownFileType = image.png; path = half.png; sourceTree = "<group>"; };
		8767AC40241F3F5A00C8FD73 /* full.png */ = {isa = PBXFileReference; lastKnownFileType = image.png; path = full.png; sourceTree = "<group>"; };
		8767AC42241F3F5E00C8FD73 /* round.png */ = {isa = PBXFileReference; lastKnownFileType = image.png; path = round.png; sourceTree = "<group>"; };
		8767AC49241F42BB00C8FD73 /* ItemSelectionView.h */ = {isa = PBXFileReference; fileEncoding = 4; lastKnownFileType = sourcecode.c.h; path = ItemSelectionView.h; sourceTree = "<group>"; };
		8767AC4A241F42BB00C8FD73 /* ItemSelectionView.m */ = {isa = PBXFileReference; fileEncoding = 4; lastKnownFileType = sourcecode.c.objc; path = ItemSelectionView.m; sourceTree = "<group>"; };
		8767AC4B241F42BB00C8FD73 /* ItemSelectionView.xib */ = {isa = PBXFileReference; fileEncoding = 4; lastKnownFileType = file.xib; path = ItemSelectionView.xib; sourceTree = "<group>"; };
		876DC54A2451475E00A1A5DA /* CustomerManager.h */ = {isa = PBXFileReference; fileEncoding = 4; lastKnownFileType = sourcecode.c.h; path = CustomerManager.h; sourceTree = "<group>"; };
		876DC54B2451475E00A1A5DA /* CustomerManager.m */ = {isa = PBXFileReference; fileEncoding = 4; lastKnownFileType = sourcecode.c.objc; path = CustomerManager.m; sourceTree = "<group>"; };
		876DC54D2451476600A1A5DA /* Customer.h */ = {isa = PBXFileReference; fileEncoding = 4; lastKnownFileType = sourcecode.c.h; path = Customer.h; sourceTree = "<group>"; };
		876DC54E2451476600A1A5DA /* Customer.m */ = {isa = PBXFileReference; fileEncoding = 4; lastKnownFileType = sourcecode.c.objc; path = Customer.m; sourceTree = "<group>"; };
		8785ABBA2437BFA80055C23C /* ThemedTextField.h */ = {isa = PBXFileReference; fileEncoding = 4; lastKnownFileType = sourcecode.c.h; path = ThemedTextField.h; sourceTree = "<group>"; };
		8785ABBB2437BFA80055C23C /* ThemedTextField.m */ = {isa = PBXFileReference; fileEncoding = 4; lastKnownFileType = sourcecode.c.objc; path = ThemedTextField.m; sourceTree = "<group>"; };
		8785ABBD2437C4A70055C23C /* logo.png */ = {isa = PBXFileReference; lastKnownFileType = image.png; path = logo.png; sourceTree = "<group>"; };
		8785ABC52437D7060055C23C /* WindowManager.h */ = {isa = PBXFileReference; fileEncoding = 4; lastKnownFileType = sourcecode.c.h; path = WindowManager.h; sourceTree = "<group>"; };
		8785ABC62437D7060055C23C /* WindowManager.m */ = {isa = PBXFileReference; fileEncoding = 4; lastKnownFileType = sourcecode.c.objc; path = WindowManager.m; sourceTree = "<group>"; };
		8785ABC82437F5B80055C23C /* iPadCalculationAddItemViewController.h */ = {isa = PBXFileReference; fileEncoding = 4; lastKnownFileType = sourcecode.c.h; path = iPadCalculationAddItemViewController.h; sourceTree = "<group>"; };
		8785ABC92437F5B80055C23C /* iPadCalculationAddItemViewController.m */ = {isa = PBXFileReference; fileEncoding = 4; lastKnownFileType = sourcecode.c.objc; path = iPadCalculationAddItemViewController.m; sourceTree = "<group>"; };
		8785ABCA2437F5B80055C23C /* iPadCalculationAddItemViewController.xib */ = {isa = PBXFileReference; fileEncoding = 4; lastKnownFileType = file.xib; path = iPadCalculationAddItemViewController.xib; sourceTree = "<group>"; };
		8785ABCD2437FE290055C23C /* CalculationViewItemCell.h */ = {isa = PBXFileReference; fileEncoding = 4; lastKnownFileType = sourcecode.c.h; path = CalculationViewItemCell.h; sourceTree = "<group>"; };
		8785ABCE2437FE290055C23C /* CalculationViewItemCell.m */ = {isa = PBXFileReference; fileEncoding = 4; lastKnownFileType = sourcecode.c.objc; path = CalculationViewItemCell.m; sourceTree = "<group>"; };
		8785ABCF2437FE290055C23C /* CalculationViewItemCell.xib */ = {isa = PBXFileReference; fileEncoding = 4; lastKnownFileType = file.xib; path = CalculationViewItemCell.xib; sourceTree = "<group>"; };
		8785ABD2243800800055C23C /* iPadCalculationViewController.h */ = {isa = PBXFileReference; fileEncoding = 4; lastKnownFileType = sourcecode.c.h; path = iPadCalculationViewController.h; sourceTree = "<group>"; };
		8785ABD3243800800055C23C /* iPadCalculationViewController.m */ = {isa = PBXFileReference; fileEncoding = 4; lastKnownFileType = sourcecode.c.objc; path = iPadCalculationViewController.m; sourceTree = "<group>"; };
		8785ABD4243800800055C23C /* iPadCalculationViewController.xib */ = {isa = PBXFileReference; fileEncoding = 4; lastKnownFileType = file.xib; path = iPadCalculationViewController.xib; sourceTree = "<group>"; };
		8785ABD72438012D0055C23C /* iPadCalculationSummaryViewController.h */ = {isa = PBXFileReference; fileEncoding = 4; lastKnownFileType = sourcecode.c.h; path = iPadCalculationSummaryViewController.h; sourceTree = "<group>"; };
		8785ABD82438012D0055C23C /* iPadCalculationSummaryViewController.m */ = {isa = PBXFileReference; fileEncoding = 4; lastKnownFileType = sourcecode.c.objc; path = iPadCalculationSummaryViewController.m; sourceTree = "<group>"; };
		8785ABD92438012D0055C23C /* iPadCalculationSummaryViewController.xib */ = {isa = PBXFileReference; fileEncoding = 4; lastKnownFileType = file.xib; path = iPadCalculationSummaryViewController.xib; sourceTree = "<group>"; };
		8785ABDC243803790055C23C /* iPadCalculationResultViewController.h */ = {isa = PBXFileReference; fileEncoding = 4; lastKnownFileType = sourcecode.c.h; path = iPadCalculationResultViewController.h; sourceTree = "<group>"; };
		8785ABDD243803790055C23C /* iPadCalculationResultViewController.m */ = {isa = PBXFileReference; fileEncoding = 4; lastKnownFileType = sourcecode.c.objc; path = iPadCalculationResultViewController.m; sourceTree = "<group>"; };
		8785ABDE243803790055C23C /* iPadCalculationResultViewController.xib */ = {isa = PBXFileReference; fileEncoding = 4; lastKnownFileType = file.xib; path = iPadCalculationResultViewController.xib; sourceTree = "<group>"; };
		8790F15C2455387A0051B749 /* Manager.h */ = {isa = PBXFileReference; fileEncoding = 4; lastKnownFileType = sourcecode.c.h; path = Manager.h; sourceTree = "<group>"; };
		8790F15D2455387A0051B749 /* Manager.m */ = {isa = PBXFileReference; fileEncoding = 4; lastKnownFileType = sourcecode.c.objc; path = Manager.m; sourceTree = "<group>"; };
		8790F15F245538900051B749 /* LoginManager.h */ = {isa = PBXFileReference; fileEncoding = 4; lastKnownFileType = sourcecode.c.h; path = LoginManager.h; sourceTree = "<group>"; };
		8790F160245538900051B749 /* LoginManager.m */ = {isa = PBXFileReference; fileEncoding = 4; lastKnownFileType = sourcecode.c.objc; path = LoginManager.m; sourceTree = "<group>"; };
		8798893524560D94006F686A /* iPadLogDetailViewController.h */ = {isa = PBXFileReference; fileEncoding = 4; lastKnownFileType = sourcecode.c.h; path = iPadLogDetailViewController.h; sourceTree = "<group>"; };
		8798893624560D94006F686A /* iPadLogDetailViewController.m */ = {isa = PBXFileReference; fileEncoding = 4; lastKnownFileType = sourcecode.c.objc; path = iPadLogDetailViewController.m; sourceTree = "<group>"; };
		8798893724560D94006F686A /* iPadLogDetailViewController.xib */ = {isa = PBXFileReference; fileEncoding = 4; lastKnownFileType = file.xib; path = iPadLogDetailViewController.xib; sourceTree = "<group>"; };
		8798894224562A57006F686A /* MultiDetailTableViewCell.h */ = {isa = PBXFileReference; fileEncoding = 4; lastKnownFileType = sourcecode.c.h; path = MultiDetailTableViewCell.h; sourceTree = "<group>"; };
		8798894324562A57006F686A /* MultiDetailTableViewCell.m */ = {isa = PBXFileReference; fileEncoding = 4; lastKnownFileType = sourcecode.c.objc; path = MultiDetailTableViewCell.m; sourceTree = "<group>"; };
		8798894424562A57006F686A /* MultiDetailTableViewCell.xib */ = {isa = PBXFileReference; fileEncoding = 4; lastKnownFileType = file.xib; path = MultiDetailTableViewCell.xib; sourceTree = "<group>"; };
		8798894C24564D68006F686A /* iPadUserSettingsViewController.h */ = {isa = PBXFileReference; fileEncoding = 4; lastKnownFileType = sourcecode.c.h; path = iPadUserSettingsViewController.h; sourceTree = "<group>"; };
		8798894D24564D68006F686A /* iPadUserSettingsViewController.m */ = {isa = PBXFileReference; fileEncoding = 4; lastKnownFileType = sourcecode.c.objc; path = iPadUserSettingsViewController.m; sourceTree = "<group>"; };
		8798894E24564D68006F686A /* iPadUserSettingsViewController.xib */ = {isa = PBXFileReference; fileEncoding = 4; lastKnownFileType = file.xib; path = iPadUserSettingsViewController.xib; sourceTree = "<group>"; };
		8798895124565A78006F686A /* iPadModalFormEditor.h */ = {isa = PBXFileReference; fileEncoding = 4; lastKnownFileType = sourcecode.c.h; path = iPadModalFormEditor.h; sourceTree = "<group>"; };
		8798895224565A78006F686A /* iPadModalFormEditor.m */ = {isa = PBXFileReference; fileEncoding = 4; lastKnownFileType = sourcecode.c.objc; path = iPadModalFormEditor.m; sourceTree = "<group>"; };
		8798895C245674DD006F686A /* iPadChangePasswordFormViewController.h */ = {isa = PBXFileReference; fileEncoding = 4; lastKnownFileType = sourcecode.c.h; path = iPadChangePasswordFormViewController.h; sourceTree = "<group>"; };
		8798895D245674DD006F686A /* iPadChangePasswordFormViewController.m */ = {isa = PBXFileReference; fileEncoding = 4; lastKnownFileType = sourcecode.c.objc; path = iPadChangePasswordFormViewController.m; sourceTree = "<group>"; };
		87988961245679A3006F686A /* iPadChangeUsernameFormViewController.h */ = {isa = PBXFileReference; fileEncoding = 4; lastKnownFileType = sourcecode.c.h; path = iPadChangeUsernameFormViewController.h; sourceTree = "<group>"; };
		87988962245679A3006F686A /* iPadChangeUsernameFormViewController.m */ = {isa = PBXFileReference; fileEncoding = 4; lastKnownFileType = sourcecode.c.objc; path = iPadChangeUsernameFormViewController.m; sourceTree = "<group>"; };
		8798896624568B9B006F686A /* settings.png */ = {isa = PBXFileReference; lastKnownFileType = image.png; path = settings.png; sourceTree = "<group>"; };
		8798896724568B9B006F686A /* settings@2x.png */ = {isa = PBXFileReference; lastKnownFileType = image.png; path = "settings@2x.png"; sourceTree = "<group>"; };
		8798896824568B9B006F686A /* settings@3x.png */ = {isa = PBXFileReference; lastKnownFileType = image.png; path = "settings@3x.png"; sourceTree = "<group>"; };
		87A15BC8245A288A00D33B6A /* Media.xcassets */ = {isa = PBXFileReference; lastKnownFileType = folder.assetcatalog; path = Media.xcassets; sourceTree = "<group>"; };
		87A15BCB245A291D00D33B6A /* iPhonePlaceholderViewController.h */ = {isa = PBXFileReference; fileEncoding = 4; lastKnownFileType = sourcecode.c.h; path = iPhonePlaceholderViewController.h; sourceTree = "<group>"; };
		87A15BCC245A291D00D33B6A /* iPhonePlaceholderViewController.m */ = {isa = PBXFileReference; fileEncoding = 4; lastKnownFileType = sourcecode.c.objc; path = iPhonePlaceholderViewController.m; sourceTree = "<group>"; };
		87A15BCD245A291D00D33B6A /* iPhonePlaceholderViewController.xib */ = {isa = PBXFileReference; fileEncoding = 4; lastKnownFileType = file.xib; path = iPhonePlaceholderViewController.xib; sourceTree = "<group>"; };
		87B9B3A024381C5C0034A9BF /* OrderItem.h */ = {isa = PBXFileReference; fileEncoding = 4; lastKnownFileType = sourcecode.c.h; path = OrderItem.h; sourceTree = "<group>"; };
		87B9B3A124381C5C0034A9BF /* OrderItem.m */ = {isa = PBXFileReference; fileEncoding = 4; lastKnownFileType = sourcecode.c.objc; path = OrderItem.m; sourceTree = "<group>"; };
		87B9B3A324381C7C0034A9BF /* OrderManager.h */ = {isa = PBXFileReference; fileEncoding = 4; lastKnownFileType = sourcecode.c.h; path = OrderManager.h; sourceTree = "<group>"; };
		87B9B3A424381C7C0034A9BF /* OrderManager.m */ = {isa = PBXFileReference; fileEncoding = 4; lastKnownFileType = sourcecode.c.objc; path = OrderManager.m; sourceTree = "<group>"; };
		87B9B3A624381E110034A9BF /* Order.h */ = {isa = PBXFileReference; fileEncoding = 4; lastKnownFileType = sourcecode.c.h; path = Order.h; sourceTree = "<group>"; };
		87B9B3A724381E110034A9BF /* Order.m */ = {isa = PBXFileReference; fileEncoding = 4; lastKnownFileType = sourcecode.c.objc; path = Order.m; sourceTree = "<group>"; };
		87BD39A0244FE520005A7F59 /* SheetNavigationController.h */ = {isa = PBXFileReference; fileEncoding = 4; lastKnownFileType = sourcecode.c.h; path = SheetNavigationController.h; sourceTree = "<group>"; };
		87BD39A1244FE520005A7F59 /* SheetNavigationController.m */ = {isa = PBXFileReference; fileEncoding = 4; lastKnownFileType = sourcecode.c.objc; path = SheetNavigationController.m; sourceTree = "<group>"; };
		87BD39A3244FE773005A7F59 /* iPadSelectCustomerViewController.h */ = {isa = PBXFileReference; fileEncoding = 4; lastKnownFileType = sourcecode.c.h; path = iPadSelectCustomerViewController.h; sourceTree = "<group>"; };
		87BD39A4244FE773005A7F59 /* iPadSelectCustomerViewController.m */ = {isa = PBXFileReference; fileEncoding = 4; lastKnownFileType = sourcecode.c.objc; path = iPadSelectCustomerViewController.m; sourceTree = "<group>"; };
		87BD39A5244FE773005A7F59 /* iPadSelectCustomerViewController.xib */ = {isa = PBXFileReference; fileEncoding = 4; lastKnownFileType = file.xib; path = iPadSelectCustomerViewController.xib; sourceTree = "<group>"; };
		87BD39A8244FE7C2005A7F59 /* CustomerTableViewCell.h */ = {isa = PBXFileReference; fileEncoding = 4; lastKnownFileType = sourcecode.c.h; path = CustomerTableViewCell.h; sourceTree = "<group>"; };
		87BD39A9244FE7C2005A7F59 /* CustomerTableViewCell.m */ = {isa = PBXFileReference; fileEncoding = 4; lastKnownFileType = sourcecode.c.objc; path = CustomerTableViewCell.m; sourceTree = "<group>"; };
		87BD39AA244FE7C2005A7F59 /* CustomerTableViewCell.xib */ = {isa = PBXFileReference; fileEncoding = 4; lastKnownFileType = file.xib; path = CustomerTableViewCell.xib; sourceTree = "<group>"; };
		87BD39AD244FEBC7005A7F59 /* sihouette-large.png */ = {isa = PBXFileReference; lastKnownFileType = image.png; path = "sihouette-large.png"; sourceTree = "<group>"; };
		87BD39AF244FEBCA005A7F59 /* sihouette-large@2x.png */ = {isa = PBXFileReference; lastKnownFileType = image.png; path = "sihouette-large@2x.png"; sourceTree = "<group>"; };
		87BD39B1244FF31F005A7F59 /* iPadEditCustomerViewController.h */ = {isa = PBXFileReference; fileEncoding = 4; lastKnownFileType = sourcecode.c.h; path = iPadEditCustomerViewController.h; sourceTree = "<group>"; };
		87BD39B2244FF31F005A7F59 /* iPadEditCustomerViewController.m */ = {isa = PBXFileReference; fileEncoding = 4; lastKnownFileType = sourcecode.c.objc; path = iPadEditCustomerViewController.m; sourceTree = "<group>"; };
		87BD39B624500089005A7F59 /* Form.h */ = {isa = PBXFileReference; fileEncoding = 4; lastKnownFileType = sourcecode.c.h; path = Form.h; sourceTree = "<group>"; };
		87BD39B724500089005A7F59 /* Form.m */ = {isa = PBXFileReference; fileEncoding = 4; lastKnownFileType = sourcecode.c.objc; path = Form.m; sourceTree = "<group>"; };
		87BD39B924500097005A7F59 /* FormSection.h */ = {isa = PBXFileReference; fileEncoding = 4; lastKnownFileType = sourcecode.c.h; path = FormSection.h; sourceTree = "<group>"; };
		87BD39BA24500097005A7F59 /* FormSection.m */ = {isa = PBXFileReference; fileEncoding = 4; lastKnownFileType = sourcecode.c.objc; path = FormSection.m; sourceTree = "<group>"; };
		87BD39BC245000A1005A7F59 /* FormItem.h */ = {isa = PBXFileReference; fileEncoding = 4; lastKnownFileType = sourcecode.c.h; path = FormItem.h; sourceTree = "<group>"; };
		87BD39BD245000A1005A7F59 /* FormItem.m */ = {isa = PBXFileReference; fileEncoding = 4; lastKnownFileType = sourcecode.c.objc; path = FormItem.m; sourceTree = "<group>"; };
		87C0C5232417C9C80093840D /* Paul's Bakery.app */ = {isa = PBXFileReference; explicitFileType = wrapper.application; includeInIndex = 0; path = "Paul's Bakery.app"; sourceTree = BUILT_PRODUCTS_DIR; };
		87C0C5262417C9C80093840D /* Foundation.framework */ = {isa = PBXFileReference; lastKnownFileType = wrapper.framework; name = Foundation.framework; path = System/Library/Frameworks/Foundation.framework; sourceTree = SDKROOT; };
		87C0C5282417C9C80093840D /* CoreGraphics.framework */ = {isa = PBXFileReference; lastKnownFileType = wrapper.framework; name = CoreGraphics.framework; path = System/Library/Frameworks/CoreGraphics.framework; sourceTree = SDKROOT; };
		87C0C52A2417C9C80093840D /* UIKit.framework */ = {isa = PBXFileReference; lastKnownFileType = wrapper.framework; name = UIKit.framework; path = System/Library/Frameworks/UIKit.framework; sourceTree = SDKROOT; };
		87C0C52E2417C9C80093840D /* Paul's Bakery-Info.plist */ = {isa = PBXFileReference; lastKnownFileType = text.plist.xml; path = "Paul's Bakery-Info.plist"; sourceTree = "<group>"; };
		87C0C5302417C9C80093840D /* en */ = {isa = PBXFileReference; lastKnownFileType = text.plist.strings; name = en; path = en.lproj/InfoPlist.strings; sourceTree = "<group>"; };
		87C0C5322417C9C80093840D /* main.m */ = {isa = PBXFileReference; lastKnownFileType = sourcecode.c.objc; path = main.m; sourceTree = "<group>"; };
		87C0C5342417C9C80093840D /* Paul's Bakery-Prefix.pch */ = {isa = PBXFileReference; lastKnownFileType = sourcecode.c.h; path = "Paul's Bakery-Prefix.pch"; sourceTree = "<group>"; };
		87C0C5352417C9C80093840D /* AppDelegate.h */ = {isa = PBXFileReference; lastKnownFileType = sourcecode.c.h; path = AppDelegate.h; sourceTree = "<group>"; };
		87C0C5362417C9C80093840D /* AppDelegate.m */ = {isa = PBXFileReference; lastKnownFileType = sourcecode.c.objc; path = AppDelegate.m; sourceTree = "<group>"; };
		87C0C5382417C9C80093840D /* Images.xcassets */ = {isa = PBXFileReference; lastKnownFileType = folder.assetcatalog; path = Images.xcassets; sourceTree = "<group>"; };
		87C0C53E2417C9C80093840D /* Paul's BakeryTests.xctest */ = {isa = PBXFileReference; explicitFileType = wrapper.cfbundle; includeInIndex = 0; path = "Paul's BakeryTests.xctest"; sourceTree = BUILT_PRODUCTS_DIR; };
		87C0C53F2417C9C80093840D /* XCTest.framework */ = {isa = PBXFileReference; lastKnownFileType = wrapper.framework; name = XCTest.framework; path = Library/Frameworks/XCTest.framework; sourceTree = DEVELOPER_DIR; };
		87C0C5472417C9C80093840D /* Paul's BakeryTests-Info.plist */ = {isa = PBXFileReference; lastKnownFileType = text.plist.xml; path = "Paul's BakeryTests-Info.plist"; sourceTree = "<group>"; };
		87C0C5492417C9C80093840D /* en */ = {isa = PBXFileReference; lastKnownFileType = text.plist.strings; name = en; path = en.lproj/InfoPlist.strings; sourceTree = "<group>"; };
		87C0C54B2417C9C80093840D /* Paul_s_BakeryTests.m */ = {isa = PBXFileReference; lastKnownFileType = sourcecode.c.objc; path = Paul_s_BakeryTests.m; sourceTree = "<group>"; };
		87C2098B245767D500B6C111 /* UserManager.h */ = {isa = PBXFileReference; fileEncoding = 4; lastKnownFileType = sourcecode.c.h; path = UserManager.h; sourceTree = "<group>"; };
		87C2098C245767D500B6C111 /* UserManager.m */ = {isa = PBXFileReference; fileEncoding = 4; lastKnownFileType = sourcecode.c.objc; path = UserManager.m; sourceTree = "<group>"; };
		87C2098E245781D400B6C111 /* UserTableViewCell.h */ = {isa = PBXFileReference; fileEncoding = 4; lastKnownFileType = sourcecode.c.h; path = UserTableViewCell.h; sourceTree = "<group>"; };
		87C2098F245781D400B6C111 /* UserTableViewCell.m */ = {isa = PBXFileReference; fileEncoding = 4; lastKnownFileType = sourcecode.c.objc; path = UserTableViewCell.m; sourceTree = "<group>"; };
		87C20990245781D400B6C111 /* UserTableViewCell.xib */ = {isa = PBXFileReference; fileEncoding = 4; lastKnownFileType = file.xib; path = UserTableViewCell.xib; sourceTree = "<group>"; };
		87C209932457879E00B6C111 /* iPadManageInventoryViewController.h */ = {isa = PBXFileReference; fileEncoding = 4; lastKnownFileType = sourcecode.c.h; path = iPadManageInventoryViewController.h; sourceTree = "<group>"; };
		87C209942457879E00B6C111 /* iPadManageInventoryViewController.m */ = {isa = PBXFileReference; fileEncoding = 4; lastKnownFileType = sourcecode.c.objc; path = iPadManageInventoryViewController.m; sourceTree = "<group>"; };
		87C209952457879E00B6C111 /* iPadManageInventoryViewController.xib */ = {isa = PBXFileReference; fileEncoding = 4; lastKnownFileType = file.xib; path = iPadManageInventoryViewController.xib; sourceTree = "<group>"; };
		87C20998245796D300B6C111 /* InventoryManager.h */ = {isa = PBXFileReference; fileEncoding = 4; lastKnownFileType = sourcecode.c.h; path = InventoryManager.h; sourceTree = "<group>"; };
		87C20999245796D300B6C111 /* InventoryManager.m */ = {isa = PBXFileReference; fileEncoding = 4; lastKnownFileType = sourcecode.c.objc; path = InventoryManager.m; sourceTree = "<group>"; };
		87C2099B2457997D00B6C111 /* Inventory.h */ = {isa = PBXFileReference; fileEncoding = 4; lastKnownFileType = sourcecode.c.h; path = Inventory.h; sourceTree = "<group>"; };
		87C2099C2457997D00B6C111 /* Inventory.m */ = {isa = PBXFileReference; fileEncoding = 4; lastKnownFileType = sourcecode.c.objc; path = Inventory.m; sourceTree = "<group>"; };
		87C2099E2457998B00B6C111 /* InventoryItem.h */ = {isa = PBXFileReference; fileEncoding = 4; lastKnownFileType = sourcecode.c.h; path = InventoryItem.h; sourceTree = "<group>"; };
		87C2099F2457998B00B6C111 /* InventoryItem.m */ = {isa = PBXFileReference; fileEncoding = 4; lastKnownFileType = sourcecode.c.objc; path = InventoryItem.m; sourceTree = "<group>"; };
		87C209A12457EAFF00B6C111 /* FormItemSelection.h */ = {isa = PBXFileReference; fileEncoding = 4; lastKnownFileType = sourcecode.c.h; path = FormItemSelection.h; sourceTree = "<group>"; };
		87C209A22457EAFF00B6C111 /* FormItemSelection.m */ = {isa = PBXFileReference; fileEncoding = 4; lastKnownFileType = sourcecode.c.objc; path = FormItemSelection.m; sourceTree = "<group>"; };
		87C209A42457EE0900B6C111 /* iPadEditUserFormViewController.h */ = {isa = PBXFileReference; fileEncoding = 4; lastKnownFileType = sourcecode.c.h; path = iPadEditUserFormViewController.h; sourceTree = "<group>"; };
		87C209A52457EE0900B6C111 /* iPadEditUserFormViewController.m */ = {isa = PBXFileReference; fileEncoding = 4; lastKnownFileType = sourcecode.c.objc; path = iPadEditUserFormViewController.m; sourceTree = "<group>"; };
		87C209A72457F42A00B6C111 /* ModalFormSelectionEditor.h */ = {isa = PBXFileReference; fileEncoding = 4; lastKnownFileType = sourcecode.c.h; path = ModalFormSelectionEditor.h; sourceTree = "<group>"; };
		87C209A82457F42A00B6C111 /* ModalFormSelectionEditor.m */ = {isa = PBXFileReference; fileEncoding = 4; lastKnownFileType = sourcecode.c.objc; path = ModalFormSelectionEditor.m; sourceTree = "<group>"; };
		87CA19B52436D7AA00036F7B /* User.h */ = {isa = PBXFileReference; fileEncoding = 4; lastKnownFileType = sourcecode.c.h; path = User.h; sourceTree = "<group>"; };
		87CA19B62436D7AA00036F7B /* User.m */ = {isa = PBXFileReference; fileEncoding = 4; lastKnownFileType = sourcecode.c.objc; path = User.m; sourceTree = "<group>"; };
		87CA19BB2436E50600036F7B /* PreferencesHandler.h */ = {isa = PBXFileReference; fileEncoding = 4; lastKnownFileType = sourcecode.c.h; path = PreferencesHandler.h; sourceTree = "<group>"; };
		87CA19BC2436E50600036F7B /* PreferencesHandler.m */ = {isa = PBXFileReference; fileEncoding = 4; lastKnownFileType = sourcecode.c.objc; path = PreferencesHandler.m; sourceTree = "<group>"; };
		87CE36A52436AABC00C48742 /* iPadLoginViewController.h */ = {isa = PBXFileReference; fileEncoding = 4; lastKnownFileType = sourcecode.c.h; path = iPadLoginViewController.h; sourceTree = "<group>"; };
		87CE36A62436AABC00C48742 /* iPadLoginViewController.m */ = {isa = PBXFileReference; fileEncoding = 4; lastKnownFileType = sourcecode.c.objc; path = iPadLoginViewController.m; sourceTree = "<group>"; };
		87CE36A72436AABC00C48742 /* iPadLoginViewController.xib */ = {isa = PBXFileReference; fileEncoding = 4; lastKnownFileType = file.xib; path = iPadLoginViewController.xib; sourceTree = "<group>"; };
		87CE36AD2436B3B400C48742 /* RESTQueryController.h */ = {isa = PBXFileReference; fileEncoding = 4; lastKnownFileType = sourcecode.c.h; path = RESTQueryController.h; sourceTree = "<group>"; };
		87CE36AE2436B3B400C48742 /* RESTQueryController.m */ = {isa = PBXFileReference; fileEncoding = 4; lastKnownFileType = sourcecode.c.objc; path = RESTQueryController.m; sourceTree = "<group>"; };
		87D166C02417EF8500E866A2 /* iPadAdminViewController.h */ = {isa = PBXFileReference; fileEncoding = 4; lastKnownFileType = sourcecode.c.h; path = iPadAdminViewController.h; sourceTree = "<group>"; };
		87D166C12417EF8500E866A2 /* iPadAdminViewController.m */ = {isa = PBXFileReference; fileEncoding = 4; lastKnownFileType = sourcecode.c.objc; path = iPadAdminViewController.m; sourceTree = "<group>"; };
		87D166C22417EF8500E866A2 /* iPadAdminViewController.xib */ = {isa = PBXFileReference; fileEncoding = 4; lastKnownFileType = file.xib; path = iPadAdminViewController.xib; sourceTree = "<group>"; };
		87D166C52417F2A600E866A2 /* iPadSummaryViewController.h */ = {isa = PBXFileReference; fileEncoding = 4; lastKnownFileType = sourcecode.c.h; path = iPadSummaryViewController.h; sourceTree = "<group>"; };
		87D166C62417F2A600E866A2 /* iPadSummaryViewController.m */ = {isa = PBXFileReference; fileEncoding = 4; lastKnownFileType = sourcecode.c.objc; path = iPadSummaryViewController.m; sourceTree = "<group>"; };
		87D166C72417F2A600E866A2 /* iPadSummaryViewController.xib */ = {isa = PBXFileReference; fileEncoding = 4; lastKnownFileType = file.xib; path = iPadSummaryViewController.xib; sourceTree = "<group>"; };
		87E131D8243A917B00C77514 /* iPadEditOrderViewController.h */ = {isa = PBXFileReference; fileEncoding = 4; lastKnownFileType = sourcecode.c.h; path = iPadEditOrderViewController.h; sourceTree = "<group>"; };
		87E131D9243A917B00C77514 /* iPadEditOrderViewController.m */ = {isa = PBXFileReference; fileEncoding = 4; lastKnownFileType = sourcecode.c.objc; path = iPadEditOrderViewController.m; sourceTree = "<group>"; };
		87E131DA243A917B00C77514 /* iPadEditOrderViewController.xib */ = {isa = PBXFileReference; fileEncoding = 4; lastKnownFileType = file.xib; path = iPadEditOrderViewController.xib; sourceTree = "<group>"; };
		CE197BBF245A2E1200761021 /* LaunchScreen.storyboard */ = {isa = PBXFileReference; lastKnownFileType = file.storyboard; path = LaunchScreen.storyboard; sourceTree = "<group>"; };
/* End PBXFileReference section */

/* Begin PBXFrameworksBuildPhase section */
		87C0C5202417C9C80093840D /* Frameworks */ = {
			isa = PBXFrameworksBuildPhase;
			buildActionMask = 2147483647;
			files = (
				87C0C5292417C9C80093840D /* CoreGraphics.framework in Frameworks */,
				87C0C52B2417C9C80093840D /* UIKit.framework in Frameworks */,
				87C0C5272417C9C80093840D /* Foundation.framework in Frameworks */,
			);
			runOnlyForDeploymentPostprocessing = 0;
		};
		87C0C53B2417C9C80093840D /* Frameworks */ = {
			isa = PBXFrameworksBuildPhase;
			buildActionMask = 2147483647;
			files = (
				87C0C5402417C9C80093840D /* XCTest.framework in Frameworks */,
				87C0C5422417C9C80093840D /* UIKit.framework in Frameworks */,
				87C0C5412417C9C80093840D /* Foundation.framework in Frameworks */,
			);
			runOnlyForDeploymentPostprocessing = 0;
		};
/* End PBXFrameworksBuildPhase section */

/* Begin PBXGroup section */
		872CA1042421F0CF005D043A /* Classes */ = {
			isa = PBXGroup;
			children = (
				87B9B39F24381BF90034A9BF /* Controllers */,
				8790F15B245538520051B749 /* Data Managers */,
				8785ABC52437D7060055C23C /* WindowManager.h */,
				8785ABC62437D7060055C23C /* WindowManager.m */,
				872CA1052421F0FA005D043A /* SelectionItem.h */,
				872CA1062421F0FA005D043A /* SelectionItem.m */,
				87CA19B52436D7AA00036F7B /* User.h */,
				87CA19B62436D7AA00036F7B /* User.m */,
				87CA19BB2436E50600036F7B /* PreferencesHandler.h */,
				87CA19BC2436E50600036F7B /* PreferencesHandler.m */,
				87B9B3A624381E110034A9BF /* Order.h */,
				87B9B3A724381E110034A9BF /* Order.m */,
				87B9B3A024381C5C0034A9BF /* OrderItem.h */,
				87B9B3A124381C5C0034A9BF /* OrderItem.m */,
				87BD39B624500089005A7F59 /* Form.h */,
				87BD39B724500089005A7F59 /* Form.m */,
				87BD39B924500097005A7F59 /* FormSection.h */,
				87BD39BA24500097005A7F59 /* FormSection.m */,
				87BD39BC245000A1005A7F59 /* FormItem.h */,
				87BD39BD245000A1005A7F59 /* FormItem.m */,
				87C209A12457EAFF00B6C111 /* FormItemSelection.h */,
				87C209A22457EAFF00B6C111 /* FormItemSelection.m */,
				876DC54D2451476600A1A5DA /* Customer.h */,
				876DC54E2451476600A1A5DA /* Customer.m */,
				87C2099B2457997D00B6C111 /* Inventory.h */,
				87C2099C2457997D00B6C111 /* Inventory.m */,
				87C2099E2457998B00B6C111 /* InventoryItem.h */,
				87C2099F2457998B00B6C111 /* InventoryItem.m */,
			);
			name = Classes;
			sourceTree = "<group>";
		};
		87497AB5241875BD003B0468 /* Universal Views */ = {
			isa = PBXGroup;
			children = (
				87497AB024187595003B0468 /* LogEntryTableViewCell.h */,
				87497AB124187595003B0468 /* LogEntryTableViewCell.m */,
				87497AB224187595003B0468 /* LogEntryTableViewCell.xib */,
				8785ABCD2437FE290055C23C /* CalculationViewItemCell.h */,
				8785ABCE2437FE290055C23C /* CalculationViewItemCell.m */,
				8785ABCF2437FE290055C23C /* CalculationViewItemCell.xib */,
				87BD39A8244FE7C2005A7F59 /* CustomerTableViewCell.h */,
				87BD39A9244FE7C2005A7F59 /* CustomerTableViewCell.m */,
				87BD39AA244FE7C2005A7F59 /* CustomerTableViewCell.xib */,
				87C2098E245781D400B6C111 /* UserTableViewCell.h */,
				87C2098F245781D400B6C111 /* UserTableViewCell.m */,
				87C20990245781D400B6C111 /* UserTableViewCell.xib */,
				8767AC49241F42BB00C8FD73 /* ItemSelectionView.h */,
				8767AC4A241F42BB00C8FD73 /* ItemSelectionView.m */,
				8767AC4B241F42BB00C8FD73 /* ItemSelectionView.xib */,
				8798894224562A57006F686A /* MultiDetailTableViewCell.h */,
				8798894324562A57006F686A /* MultiDetailTableViewCell.m */,
				8798894424562A57006F686A /* MultiDetailTableViewCell.xib */,
				872CA10B2421FCA5005D043A /* ThemedButton.h */,
				872CA10C2421FCA5005D043A /* ThemedButton.m */,
				8785ABBA2437BFA80055C23C /* ThemedTextField.h */,
				8785ABBB2437BFA80055C23C /* ThemedTextField.m */,
				87BD39A0244FE520005A7F59 /* SheetNavigationController.h */,
				87BD39A1244FE520005A7F59 /* SheetNavigationController.m */,
			);
			name = "Universal Views";
			sourceTree = "<group>";
		};
		87497AB6241875CA003B0468 /* iPad Views */ = {
			isa = PBXGroup;
			children = (
				87CE36A52436AABC00C48742 /* iPadLoginViewController.h */,
				87CE36A62436AABC00C48742 /* iPadLoginViewController.m */,
				87CE36A72436AABC00C48742 /* iPadLoginViewController.xib */,
				87D166C02417EF8500E866A2 /* iPadAdminViewController.h */,
				87D166C12417EF8500E866A2 /* iPadAdminViewController.m */,
				87D166C22417EF8500E866A2 /* iPadAdminViewController.xib */,
				87D166C52417F2A600E866A2 /* iPadSummaryViewController.h */,
				87D166C62417F2A600E866A2 /* iPadSummaryViewController.m */,
				87D166C72417F2A600E866A2 /* iPadSummaryViewController.xib */,
				87497AAB24186DAB003B0468 /* iPadLogViewController.h */,
				87497AAC24186DAB003B0468 /* iPadLogViewController.m */,
				87497AAD24186DAB003B0468 /* iPadLogViewController.xib */,
				8798893524560D94006F686A /* iPadLogDetailViewController.h */,
				8798893624560D94006F686A /* iPadLogDetailViewController.m */,
				8798893724560D94006F686A /* iPadLogDetailViewController.xib */,
				8785ABD2243800800055C23C /* iPadCalculationViewController.h */,
				8785ABD3243800800055C23C /* iPadCalculationViewController.m */,
				8785ABD4243800800055C23C /* iPadCalculationViewController.xib */,
				8785ABD72438012D0055C23C /* iPadCalculationSummaryViewController.h */,
				8785ABD82438012D0055C23C /* iPadCalculationSummaryViewController.m */,
				8785ABD92438012D0055C23C /* iPadCalculationSummaryViewController.xib */,
				8785ABDC243803790055C23C /* iPadCalculationResultViewController.h */,
				8785ABDD243803790055C23C /* iPadCalculationResultViewController.m */,
				8785ABDE243803790055C23C /* iPadCalculationResultViewController.xib */,
				8785ABC82437F5B80055C23C /* iPadCalculationAddItemViewController.h */,
				8785ABC92437F5B80055C23C /* iPadCalculationAddItemViewController.m */,
				8785ABCA2437F5B80055C23C /* iPadCalculationAddItemViewController.xib */,
				87BD39A3244FE773005A7F59 /* iPadSelectCustomerViewController.h */,
				87BD39A4244FE773005A7F59 /* iPadSelectCustomerViewController.m */,
				87BD39A5244FE773005A7F59 /* iPadSelectCustomerViewController.xib */,
				87E131D8243A917B00C77514 /* iPadEditOrderViewController.h */,
				87E131D9243A917B00C77514 /* iPadEditOrderViewController.m */,
				87E131DA243A917B00C77514 /* iPadEditOrderViewController.xib */,
				8798894C24564D68006F686A /* iPadUserSettingsViewController.h */,
				8798894D24564D68006F686A /* iPadUserSettingsViewController.m */,
				8798894E24564D68006F686A /* iPadUserSettingsViewController.xib */,
				87C209932457879E00B6C111 /* iPadManageInventoryViewController.h */,
				87C209942457879E00B6C111 /* iPadManageInventoryViewController.m */,
				87C209952457879E00B6C111 /* iPadManageInventoryViewController.xib */,
				87447D06245889060096F2D9 /* iPadManageUsersViewController.h */,
				87447D07245889060096F2D9 /* iPadManageUsersViewController.m */,
				87447D08245889060096F2D9 /* iPadManageUsersViewController.xib */,
				87447D112458ED680096F2D9 /* iPadManageCustomersViewController.h */,
				87447D122458ED680096F2D9 /* iPadManageCustomersViewController.m */,
				87447D132458ED680096F2D9 /* iPadManageCustomersViewController.xib */,
				8798895624567437006F686A /* Form Editors */,
			);
			name = "iPad Views";
			sourceTree = "<group>";
		};
		8790F15B245538520051B749 /* Data Managers */ = {
			isa = PBXGroup;
			children = (
				8790F15C2455387A0051B749 /* Manager.h */,
				8790F15D2455387A0051B749 /* Manager.m */,
				8790F15F245538900051B749 /* LoginManager.h */,
				8790F160245538900051B749 /* LoginManager.m */,
				87C2098B245767D500B6C111 /* UserManager.h */,
				87C2098C245767D500B6C111 /* UserManager.m */,
				87B9B3A324381C7C0034A9BF /* OrderManager.h */,
				87B9B3A424381C7C0034A9BF /* OrderManager.m */,
				876DC54A2451475E00A1A5DA /* CustomerManager.h */,
				876DC54B2451475E00A1A5DA /* CustomerManager.m */,
				87C20998245796D300B6C111 /* InventoryManager.h */,
				87C20999245796D300B6C111 /* InventoryManager.m */,
				87447D16245922120096F2D9 /* BatterCalculationManager.h */,
				87447D17245922120096F2D9 /* BatterCalculationManager.m */,
			);
			name = "Data Managers";
			sourceTree = "<group>";
		};
		8798895624567437006F686A /* Form Editors */ = {
			isa = PBXGroup;
			children = (
				8798895124565A78006F686A /* iPadModalFormEditor.h */,
				8798895224565A78006F686A /* iPadModalFormEditor.m */,
				87C209A72457F42A00B6C111 /* ModalFormSelectionEditor.h */,
				87C209A82457F42A00B6C111 /* ModalFormSelectionEditor.m */,
				87BD39B1244FF31F005A7F59 /* iPadEditCustomerViewController.h */,
				87BD39B2244FF31F005A7F59 /* iPadEditCustomerViewController.m */,
				8798895C245674DD006F686A /* iPadChangePasswordFormViewController.h */,
				8798895D245674DD006F686A /* iPadChangePasswordFormViewController.m */,
				87988961245679A3006F686A /* iPadChangeUsernameFormViewController.h */,
				87988962245679A3006F686A /* iPadChangeUsernameFormViewController.m */,
				87C209A42457EE0900B6C111 /* iPadEditUserFormViewController.h */,
				87C209A52457EE0900B6C111 /* iPadEditUserFormViewController.m */,
				87447D0B2458DCFB0096F2D9 /* iPadAddUserFormViewController.h */,
				87447D0C2458DCFB0096F2D9 /* iPadAddUserFormViewController.m */,
			);
			name = "Form Editors";
			sourceTree = "<group>";
		};
		87A15BCA245A28F800D33B6A /* Placeholders */ = {
			isa = PBXGroup;
			children = (
				87A15BCB245A291D00D33B6A /* iPhonePlaceholderViewController.h */,
				87A15BCC245A291D00D33B6A /* iPhonePlaceholderViewController.m */,
				87A15BCD245A291D00D33B6A /* iPhonePlaceholderViewController.xib */,
			);
			name = Placeholders;
			sourceTree = "<group>";
		};
		87B9B39F24381BF90034A9BF /* Controllers */ = {
			isa = PBXGroup;
			children = (
				87CE36AD2436B3B400C48742 /* RESTQueryController.h */,
				87CE36AE2436B3B400C48742 /* RESTQueryController.m */,
			);
			name = Controllers;
			sourceTree = "<group>";
		};
		87C0C51A2417C9C80093840D = {
			isa = PBXGroup;
			children = (
				87C0C52C2417C9C80093840D /* Paul's Bakery */,
				87C0C5452417C9C80093840D /* Paul's BakeryTests */,
				87C0C5252417C9C80093840D /* Frameworks */,
				87C0C5242417C9C80093840D /* Products */,
			);
			sourceTree = "<group>";
		};
		87C0C5242417C9C80093840D /* Products */ = {
			isa = PBXGroup;
			children = (
				87C0C5232417C9C80093840D /* Paul's Bakery.app */,
				87C0C53E2417C9C80093840D /* Paul's BakeryTests.xctest */,
			);
			name = Products;
			sourceTree = "<group>";
		};
		87C0C5252417C9C80093840D /* Frameworks */ = {
			isa = PBXGroup;
			children = (
				87C0C5262417C9C80093840D /* Foundation.framework */,
				87C0C5282417C9C80093840D /* CoreGraphics.framework */,
				87C0C52A2417C9C80093840D /* UIKit.framework */,
				87C0C53F2417C9C80093840D /* XCTest.framework */,
			);
			name = Frameworks;
			sourceTree = "<group>";
		};
		87C0C52C2417C9C80093840D /* Paul's Bakery */ = {
			isa = PBXGroup;
			children = (
				87C0C5352417C9C80093840D /* AppDelegate.h */,
				87C0C5362417C9C80093840D /* AppDelegate.m */,
				CE197BBF245A2E1200761021 /* LaunchScreen.storyboard */,
				87497AB6241875CA003B0468 /* iPad Views */,
				87497AB5241875BD003B0468 /* Universal Views */,
				87A15BCA245A28F800D33B6A /* Placeholders */,
				872CA1042421F0CF005D043A /* Classes */,
				87497A97241845BA003B0468 /* chocolate.png */,
				87497A99241845BE003B0468 /* cake.png */,
				87497A9F24186C25003B0468 /* star.png */,
				87497AA124186C29003B0468 /* star@2x.png */,
				87497AA324186C2E003B0468 /* star@3x.png */,
				87497AA524186CC6003B0468 /* notebook.png */,
				87497AA724186CF4003B0468 /* notebook@2x.png */,
				87497AA924186CF8003B0468 /* notebook@3x.png */,
				872CA1122421FFCB005D043A /* calculator.png */,
				872CA1102421FFC6005D043A /* calculator@2x.png */,
				872CA10E2421FFC0005D043A /* calculator@3x.png */,
				8798896624568B9B006F686A /* settings.png */,
				8798896724568B9B006F686A /* settings@2x.png */,
				8798896824568B9B006F686A /* settings@3x.png */,
				87BD39AD244FEBC7005A7F59 /* sihouette-large.png */,
				87BD39AF244FEBCA005A7F59 /* sihouette-large@2x.png */,
				8767AC3C241F3CF000C8FD73 /* quarter.png */,
				8767AC3E241F3F5600C8FD73 /* half.png */,
				8767AC40241F3F5A00C8FD73 /* full.png */,
				8767AC42241F3F5E00C8FD73 /* round.png */,
				8785ABBD2437C4A70055C23C /* logo.png */,
				87A15BC8245A288A00D33B6A /* Media.xcassets */,
				87C0C5382417C9C80093840D /* Images.xcassets */,
				87C0C52D2417C9C80093840D /* Supporting Files */,
			);
			path = "Paul's Bakery";
			sourceTree = "<group>";
		};
		87C0C52D2417C9C80093840D /* Supporting Files */ = {
			isa = PBXGroup;
			children = (
				87C0C52E2417C9C80093840D /* Paul's Bakery-Info.plist */,
				87C0C52F2417C9C80093840D /* InfoPlist.strings */,
				87C0C5322417C9C80093840D /* main.m */,
				87C0C5342417C9C80093840D /* Paul's Bakery-Prefix.pch */,
			);
			name = "Supporting Files";
			sourceTree = "<group>";
		};
		87C0C5452417C9C80093840D /* Paul's BakeryTests */ = {
			isa = PBXGroup;
			children = (
				87C0C54B2417C9C80093840D /* Paul_s_BakeryTests.m */,
				87C0C5462417C9C80093840D /* Supporting Files */,
			);
			path = "Paul's BakeryTests";
			sourceTree = "<group>";
		};
		87C0C5462417C9C80093840D /* Supporting Files */ = {
			isa = PBXGroup;
			children = (
				87C0C5472417C9C80093840D /* Paul's BakeryTests-Info.plist */,
				87C0C5482417C9C80093840D /* InfoPlist.strings */,
			);
			name = "Supporting Files";
			sourceTree = "<group>";
		};
/* End PBXGroup section */

/* Begin PBXNativeTarget section */
		87C0C5222417C9C80093840D /* Paul's Bakery */ = {
			isa = PBXNativeTarget;
			buildConfigurationList = 87C0C54F2417C9C80093840D /* Build configuration list for PBXNativeTarget "Paul's Bakery" */;
			buildPhases = (
				87C0C51F2417C9C80093840D /* Sources */,
				87C0C5202417C9C80093840D /* Frameworks */,
				87C0C5212417C9C80093840D /* Resources */,
			);
			buildRules = (
			);
			dependencies = (
			);
			name = "Paul's Bakery";
			productName = "Paul's Bakery";
			productReference = 87C0C5232417C9C80093840D /* Paul's Bakery.app */;
			productType = "com.apple.product-type.application";
		};
		87C0C53D2417C9C80093840D /* Paul's BakeryTests */ = {
			isa = PBXNativeTarget;
			buildConfigurationList = 87C0C5522417C9C80093840D /* Build configuration list for PBXNativeTarget "Paul's BakeryTests" */;
			buildPhases = (
				87C0C53A2417C9C80093840D /* Sources */,
				87C0C53B2417C9C80093840D /* Frameworks */,
				87C0C53C2417C9C80093840D /* Resources */,
			);
			buildRules = (
			);
			dependencies = (
				87C0C5442417C9C80093840D /* PBXTargetDependency */,
			);
			name = "Paul's BakeryTests";
			productName = "Paul's BakeryTests";
			productReference = 87C0C53E2417C9C80093840D /* Paul's BakeryTests.xctest */;
			productType = "com.apple.product-type.bundle.unit-test";
		};
/* End PBXNativeTarget section */

/* Begin PBXProject section */
		87C0C51B2417C9C80093840D /* Project object */ = {
			isa = PBXProject;
			attributes = {
				LastUpgradeCheck = 0510;
				ORGANIZATIONNAME = "dosdude1 Apps";
				TargetAttributes = {
					87C0C5222417C9C80093840D = {
						DevelopmentTeam = C9R8PL7T6L;
					};
					87C0C53D2417C9C80093840D = {
						TestTargetID = 87C0C5222417C9C80093840D;
					};
				};
			};
			buildConfigurationList = 87C0C51E2417C9C80093840D /* Build configuration list for PBXProject "Paul's Bakery" */;
			compatibilityVersion = "Xcode 3.2";
			developmentRegion = English;
			hasScannedForEncodings = 0;
			knownRegions = (
				English,
				en,
			);
			mainGroup = 87C0C51A2417C9C80093840D;
			productRefGroup = 87C0C5242417C9C80093840D /* Products */;
			projectDirPath = "";
			projectRoot = "";
			targets = (
				87C0C5222417C9C80093840D /* Paul's Bakery */,
				87C0C53D2417C9C80093840D /* Paul's BakeryTests */,
			);
		};
/* End PBXProject section */

/* Begin PBXResourcesBuildPhase section */
		87C0C5212417C9C80093840D /* Resources */ = {
			isa = PBXResourcesBuildPhase;
			buildActionMask = 2147483647;
			files = (
				87C20992245781D400B6C111 /* UserTableViewCell.xib in Resources */,
				87447D152458ED680096F2D9 /* iPadManageCustomersViewController.xib in Resources */,
				872CA1112421FFC6005D043A /* calculator@2x.png in Resources */,
				8798896A24568B9B006F686A /* settings@2x.png in Resources */,
				8767AC43241F3F5E00C8FD73 /* round.png in Resources */,
				87497AA624186CC6003B0468 /* notebook.png in Resources */,
				8785ABBE2437C4A70055C23C /* logo.png in Resources */,
				87BD39A7244FE773005A7F59 /* iPadSelectCustomerViewController.xib in Resources */,
				87C0C5312417C9C80093840D /* InfoPlist.strings in Resources */,
				8798896924568B9B006F686A /* settings.png in Resources */,
				8767AC4D241F42BB00C8FD73 /* ItemSelectionView.xib in Resources */,
				87447D0A245889060096F2D9 /* iPadManageUsersViewController.xib in Resources */,
				8785ABDB2438012D0055C23C /* iPadCalculationSummaryViewController.xib in Resources */,
				87A15BCF245A291D00D33B6A /* iPhonePlaceholderViewController.xib in Resources */,
				87497AA024186C25003B0468 /* star.png in Resources */,
				8798894624562A57006F686A /* MultiDetailTableViewCell.xib in Resources */,
				87BD39B0244FEBCA005A7F59 /* sihouette-large@2x.png in Resources */,
				872CA10F2421FFC0005D043A /* calculator@3x.png in Resources */,
				87497AA424186C2E003B0468 /* star@3x.png in Resources */,
				8785ABD6243800800055C23C /* iPadCalculationViewController.xib in Resources */,
				8785ABCC2437F5B80055C23C /* iPadCalculationAddItemViewController.xib in Resources */,
				87497A98241845BA003B0468 /* chocolate.png in Resources */,
				8767AC41241F3F5A00C8FD73 /* full.png in Resources */,
				8767AC3D241F3CF000C8FD73 /* quarter.png in Resources */,
				8798893924560D94006F686A /* iPadLogDetailViewController.xib in Resources */,
				87497AAA24186CF8003B0468 /* notebook@3x.png in Resources */,
				87A15BC9245A288A00D33B6A /* Media.xcassets in Resources */,
				87D166C92417F2A600E866A2 /* iPadSummaryViewController.xib in Resources */,
				87497AA224186C29003B0468 /* star@2x.png in Resources */,
				87497AAF24186DAB003B0468 /* iPadLogViewController.xib in Resources */,
				8798895024564D68006F686A /* iPadUserSettingsViewController.xib in Resources */,
				87497AB424187595003B0468 /* LogEntryTableViewCell.xib in Resources */,
				87C209972457879E00B6C111 /* iPadManageInventoryViewController.xib in Resources */,
				8785ABE0243803790055C23C /* iPadCalculationResultViewController.xib in Resources */,
				8767AC3F241F3F5600C8FD73 /* half.png in Resources */,
				87BD39AE244FEBC7005A7F59 /* sihouette-large.png in Resources */,
				87CE36A92436AABC00C48742 /* iPadLoginViewController.xib in Resources */,
				CE197BC0245A2E1200761021 /* LaunchScreen.storyboard in Resources */,
				87D166C42417EF8500E866A2 /* iPadAdminViewController.xib in Resources */,
				87497AA824186CF4003B0468 /* notebook@2x.png in Resources */,
				87C0C5392417C9C80093840D /* Images.xcassets in Resources */,
				8785ABD12437FE290055C23C /* CalculationViewItemCell.xib in Resources */,
				87BD39AC244FE7C2005A7F59 /* CustomerTableViewCell.xib in Resources */,
				872CA1132421FFCB005D043A /* calculator.png in Resources */,
				87497A9A241845BE003B0468 /* cake.png in Resources */,
				8798896B24568B9B006F686A /* settings@3x.png in Resources */,
				87E131DC243A917B00C77514 /* iPadEditOrderViewController.xib in Resources */,
			);
			runOnlyForDeploymentPostprocessing = 0;
		};
		87C0C53C2417C9C80093840D /* Resources */ = {
			isa = PBXResourcesBuildPhase;
			buildActionMask = 2147483647;
			files = (
				87C0C54A2417C9C80093840D /* InfoPlist.strings in Resources */,
			);
			runOnlyForDeploymentPostprocessing = 0;
		};
/* End PBXResourcesBuildPhase section */

/* Begin PBXSourcesBuildPhase section */
		87C0C51F2417C9C80093840D /* Sources */ = {
			isa = PBXSourcesBuildPhase;
			buildActionMask = 2147483647;
			files = (
				8798895424565A78006F686A /* iPadModalFormEditor.m in Sources */,
				87447D142458ED680096F2D9 /* iPadManageCustomersViewController.m in Sources */,
				8785ABBC2437BFA80055C23C /* ThemedTextField.m in Sources */,
				87CA19B72436D7AA00036F7B /* User.m in Sources */,
				87447D0D2458DCFB0096F2D9 /* iPadAddUserFormViewController.m in Sources */,
				8798895F245674DD006F686A /* iPadChangePasswordFormViewController.m in Sources */,
				87D166C82417F2A600E866A2 /* iPadSummaryViewController.m in Sources */,
				87BD39AB244FE7C2005A7F59 /* CustomerTableViewCell.m in Sources */,
				87CA19BD2436E50600036F7B /* PreferencesHandler.m in Sources */,
				87CE36A82436AABC00C48742 /* iPadLoginViewController.m in Sources */,
				8785ABDF243803790055C23C /* iPadCalculationResultViewController.m in Sources */,
				8790F15E2455387A0051B749 /* Manager.m in Sources */,
				87447D09245889060096F2D9 /* iPadManageUsersViewController.m in Sources */,
				87497AAE24186DAB003B0468 /* iPadLogViewController.m in Sources */,
				87988964245679A3006F686A /* iPadChangeUsernameFormViewController.m in Sources */,
				87BD39B824500089005A7F59 /* Form.m in Sources */,
				872CA10D2421FCA5005D043A /* ThemedButton.m in Sources */,
				8785ABD02437FE290055C23C /* CalculationViewItemCell.m in Sources */,
				87A15BCE245A291D00D33B6A /* iPhonePlaceholderViewController.m in Sources */,
				87C209A92457F42A00B6C111 /* ModalFormSelectionEditor.m in Sources */,
				87CE36AF2436B3B400C48742 /* RESTQueryController.m in Sources */,
				87B9B3A824381E110034A9BF /* Order.m in Sources */,
				8798893824560D94006F686A /* iPadLogDetailViewController.m in Sources */,
				8785ABD5243800800055C23C /* iPadCalculationViewController.m in Sources */,
				87E131DB243A917B00C77514 /* iPadEditOrderViewController.m in Sources */,
				8767AC4C241F42BB00C8FD73 /* ItemSelectionView.m in Sources */,
				8798894F24564D68006F686A /* iPadUserSettingsViewController.m in Sources */,
				87C2098D245767D500B6C111 /* UserManager.m in Sources */,
				87BD39BE245000A1005A7F59 /* FormItem.m in Sources */,
				87C2099A245796D300B6C111 /* InventoryManager.m in Sources */,
				87BD39BB24500097005A7F59 /* FormSection.m in Sources */,
				876DC54C2451475E00A1A5DA /* CustomerManager.m in Sources */,
				872CA1072421F0FA005D043A /* SelectionItem.m in Sources */,
				87BD39A6244FE773005A7F59 /* iPadSelectCustomerViewController.m in Sources */,
				87447D18245922120096F2D9 /* BatterCalculationManager.m in Sources */,
				87C20991245781D400B6C111 /* UserTableViewCell.m in Sources */,
				87B9B3A224381C5C0034A9BF /* OrderItem.m in Sources */,
				8785ABCB2437F5B80055C23C /* iPadCalculationAddItemViewController.m in Sources */,
				87C2099D2457997D00B6C111 /* Inventory.m in Sources */,
				87BD39B4244FF31F005A7F59 /* iPadEditCustomerViewController.m in Sources */,
				87B9B3A524381C7C0034A9BF /* OrderManager.m in Sources */,
				8798894524562A57006F686A /* MultiDetailTableViewCell.m in Sources */,
				87497AB324187595003B0468 /* LogEntryTableViewCell.m in Sources */,
				87C209A02457998B00B6C111 /* InventoryItem.m in Sources */,
				87C0C5372417C9C80093840D /* AppDelegate.m in Sources */,
				87C209A32457EAFF00B6C111 /* FormItemSelection.m in Sources */,
				87D166C32417EF8500E866A2 /* iPadAdminViewController.m in Sources */,
				87C0C5332417C9C80093840D /* main.m in Sources */,
				8790F161245538900051B749 /* LoginManager.m in Sources */,
				87BD39A2244FE520005A7F59 /* SheetNavigationController.m in Sources */,
				8785ABDA2438012D0055C23C /* iPadCalculationSummaryViewController.m in Sources */,
				8785ABC72437D7060055C23C /* WindowManager.m in Sources */,
				87C209962457879E00B6C111 /* iPadManageInventoryViewController.m in Sources */,
				87C209A62457EE0900B6C111 /* iPadEditUserFormViewController.m in Sources */,
				876DC54F2451476600A1A5DA /* Customer.m in Sources */,
			);
			runOnlyForDeploymentPostprocessing = 0;
		};
		87C0C53A2417C9C80093840D /* Sources */ = {
			isa = PBXSourcesBuildPhase;
			buildActionMask = 2147483647;
			files = (
				87C0C54C2417C9C80093840D /* Paul_s_BakeryTests.m in Sources */,
			);
			runOnlyForDeploymentPostprocessing = 0;
		};
/* End PBXSourcesBuildPhase section */

/* Begin PBXTargetDependency section */
		87C0C5442417C9C80093840D /* PBXTargetDependency */ = {
			isa = PBXTargetDependency;
			target = 87C0C5222417C9C80093840D /* Paul's Bakery */;
			targetProxy = 87C0C5432417C9C80093840D /* PBXContainerItemProxy */;
		};
/* End PBXTargetDependency section */

/* Begin PBXVariantGroup section */
		87C0C52F2417C9C80093840D /* InfoPlist.strings */ = {
			isa = PBXVariantGroup;
			children = (
				87C0C5302417C9C80093840D /* en */,
			);
			name = InfoPlist.strings;
			sourceTree = "<group>";
		};
		87C0C5482417C9C80093840D /* InfoPlist.strings */ = {
			isa = PBXVariantGroup;
			children = (
				87C0C5492417C9C80093840D /* en */,
			);
			name = InfoPlist.strings;
			sourceTree = "<group>";
		};
/* End PBXVariantGroup section */

/* Begin XCBuildConfiguration section */
		87C0C54D2417C9C80093840D /* Debug */ = {
			isa = XCBuildConfiguration;
			buildSettings = {
				ALWAYS_SEARCH_USER_PATHS = NO;
				CLANG_CXX_LANGUAGE_STANDARD = "gnu++0x";
				CLANG_CXX_LIBRARY = "libc++";
				CLANG_ENABLE_MODULES = YES;
				CLANG_ENABLE_OBJC_ARC = YES;
				CLANG_WARN_BOOL_CONVERSION = YES;
				CLANG_WARN_CONSTANT_CONVERSION = YES;
				CLANG_WARN_DIRECT_OBJC_ISA_USAGE = YES_ERROR;
				CLANG_WARN_EMPTY_BODY = YES;
				CLANG_WARN_ENUM_CONVERSION = YES;
				CLANG_WARN_INT_CONVERSION = YES;
				CLANG_WARN_OBJC_ROOT_CLASS = YES_ERROR;
				CLANG_WARN__DUPLICATE_METHOD_MATCH = YES;
				"CODE_SIGN_IDENTITY[sdk=iphoneos*]" = "iPhone Developer";
				COPY_PHASE_STRIP = NO;
				GCC_C_LANGUAGE_STANDARD = gnu99;
				GCC_DYNAMIC_NO_PIC = NO;
				GCC_OPTIMIZATION_LEVEL = 0;
				GCC_PREPROCESSOR_DEFINITIONS = (
					"DEBUG=1",
					"$(inherited)",
				);
				GCC_SYMBOLS_PRIVATE_EXTERN = NO;
				GCC_WARN_64_TO_32_BIT_CONVERSION = YES;
				GCC_WARN_ABOUT_RETURN_TYPE = YES_ERROR;
				GCC_WARN_UNDECLARED_SELECTOR = YES;
				GCC_WARN_UNINITIALIZED_AUTOS = YES_AGGRESSIVE;
				GCC_WARN_UNUSED_FUNCTION = YES;
				GCC_WARN_UNUSED_VARIABLE = YES;
				IPHONEOS_DEPLOYMENT_TARGET = 7.1;
				ONLY_ACTIVE_ARCH = YES;
				SDKROOT = iphoneos;
				TARGETED_DEVICE_FAMILY = "1,2";
			};
			name = Debug;
		};
		87C0C54E2417C9C80093840D /* Release */ = {
			isa = XCBuildConfiguration;
			buildSettings = {
				ALWAYS_SEARCH_USER_PATHS = NO;
				CLANG_CXX_LANGUAGE_STANDARD = "gnu++0x";
				CLANG_CXX_LIBRARY = "libc++";
				CLANG_ENABLE_MODULES = YES;
				CLANG_ENABLE_OBJC_ARC = YES;
				CLANG_WARN_BOOL_CONVERSION = YES;
				CLANG_WARN_CONSTANT_CONVERSION = YES;
				CLANG_WARN_DIRECT_OBJC_ISA_USAGE = YES_ERROR;
				CLANG_WARN_EMPTY_BODY = YES;
				CLANG_WARN_ENUM_CONVERSION = YES;
				CLANG_WARN_INT_CONVERSION = YES;
				CLANG_WARN_OBJC_ROOT_CLASS = YES_ERROR;
				CLANG_WARN__DUPLICATE_METHOD_MATCH = YES;
				"CODE_SIGN_IDENTITY[sdk=iphoneos*]" = "iPhone Developer";
				COPY_PHASE_STRIP = YES;
				ENABLE_NS_ASSERTIONS = NO;
				GCC_C_LANGUAGE_STANDARD = gnu99;
				GCC_WARN_64_TO_32_BIT_CONVERSION = YES;
				GCC_WARN_ABOUT_RETURN_TYPE = YES_ERROR;
				GCC_WARN_UNDECLARED_SELECTOR = YES;
				GCC_WARN_UNINITIALIZED_AUTOS = YES_AGGRESSIVE;
				GCC_WARN_UNUSED_FUNCTION = YES;
				GCC_WARN_UNUSED_VARIABLE = YES;
				IPHONEOS_DEPLOYMENT_TARGET = 7.1;
				SDKROOT = iphoneos;
				TARGETED_DEVICE_FAMILY = "1,2";
				VALIDATE_PRODUCT = YES;
			};
			name = Release;
		};
		87C0C5502417C9C80093840D /* Debug */ = {
			isa = XCBuildConfiguration;
			buildSettings = {
				ASSETCATALOG_COMPILER_APPICON_NAME = AppIcon;
				ASSETCATALOG_COMPILER_LAUNCHIMAGE_NAME = LaunchImage;
				DEVELOPMENT_TEAM = C9R8PL7T6L;
				GCC_PRECOMPILE_PREFIX_HEADER = YES;
				GCC_PREFIX_HEADER = "Paul's Bakery/Paul's Bakery-Prefix.pch";
				INFOPLIST_FILE = "Paul's Bakery/Paul's Bakery-Info.plist";
				IPHONEOS_DEPLOYMENT_TARGET = 8.0;
				PRODUCT_NAME = "$(TARGET_NAME)";
				TARGETED_DEVICE_FAMILY = 2;
				WRAPPER_EXTENSION = app;
			};
			name = Debug;
		};
		87C0C5512417C9C80093840D /* Release */ = {
			isa = XCBuildConfiguration;
			buildSettings = {
				ASSETCATALOG_COMPILER_APPICON_NAME = AppIcon;
				ASSETCATALOG_COMPILER_LAUNCHIMAGE_NAME = LaunchImage;
				DEVELOPMENT_TEAM = C9R8PL7T6L;
				GCC_PRECOMPILE_PREFIX_HEADER = YES;
				GCC_PREFIX_HEADER = "Paul's Bakery/Paul's Bakery-Prefix.pch";
				INFOPLIST_FILE = "Paul's Bakery/Paul's Bakery-Info.plist";
				IPHONEOS_DEPLOYMENT_TARGET = 8.0;
				PRODUCT_NAME = "$(TARGET_NAME)";
				TARGETED_DEVICE_FAMILY = 2;
				WRAPPER_EXTENSION = app;
			};
			name = Release;
		};
		87C0C5532417C9C80093840D /* Debug */ = {
			isa = XCBuildConfiguration;
			buildSettings = {
				BUNDLE_LOADER = "$(BUILT_PRODUCTS_DIR)/Paul's Bakery.app/Paul's Bakery";
				FRAMEWORK_SEARCH_PATHS = (
					"$(SDKROOT)/Developer/Library/Frameworks",
					"$(inherited)",
					"$(DEVELOPER_FRAMEWORKS_DIR)",
				);
				GCC_PRECOMPILE_PREFIX_HEADER = YES;
				GCC_PREFIX_HEADER = "Paul's Bakery/Paul's Bakery-Prefix.pch";
				GCC_PREPROCESSOR_DEFINITIONS = (
					"DEBUG=1",
					"$(inherited)",
				);
				INFOPLIST_FILE = "Paul's BakeryTests/Paul's BakeryTests-Info.plist";
				PRODUCT_NAME = "$(TARGET_NAME)";
				TEST_HOST = "$(BUNDLE_LOADER)";
				WRAPPER_EXTENSION = xctest;
			};
			name = Debug;
		};
		87C0C5542417C9C80093840D /* Release */ = {
			isa = XCBuildConfiguration;
			buildSettings = {
				BUNDLE_LOADER = "$(BUILT_PRODUCTS_DIR)/Paul's Bakery.app/Paul's Bakery";
				FRAMEWORK_SEARCH_PATHS = (
					"$(SDKROOT)/Developer/Library/Frameworks",
					"$(inherited)",
					"$(DEVELOPER_FRAMEWORKS_DIR)",
				);
				GCC_PRECOMPILE_PREFIX_HEADER = YES;
				GCC_PREFIX_HEADER = "Paul's Bakery/Paul's Bakery-Prefix.pch";
				INFOPLIST_FILE = "Paul's BakeryTests/Paul's BakeryTests-Info.plist";
				PRODUCT_NAME = "$(TARGET_NAME)";
				TEST_HOST = "$(BUNDLE_LOADER)";
				WRAPPER_EXTENSION = xctest;
			};
			name = Release;
		};
/* End XCBuildConfiguration section */

/* Begin XCConfigurationList section */
		87C0C51E2417C9C80093840D /* Build configuration list for PBXProject "Paul's Bakery" */ = {
			isa = XCConfigurationList;
			buildConfigurations = (
				87C0C54D2417C9C80093840D /* Debug */,
				87C0C54E2417C9C80093840D /* Release */,
			);
			defaultConfigurationIsVisible = 0;
			defaultConfigurationName = Release;
		};
		87C0C54F2417C9C80093840D /* Build configuration list for PBXNativeTarget "Paul's Bakery" */ = {
			isa = XCConfigurationList;
			buildConfigurations = (
				87C0C5502417C9C80093840D /* Debug */,
				87C0C5512417C9C80093840D /* Release */,
			);
			defaultConfigurationIsVisible = 0;
			defaultConfigurationName = Release;
		};
		87C0C5522417C9C80093840D /* Build configuration list for PBXNativeTarget "Paul's BakeryTests" */ = {
			isa = XCConfigurationList;
			buildConfigurations = (
				87C0C5532417C9C80093840D /* Debug */,
				87C0C5542417C9C80093840D /* Release */,
			);
			defaultConfigurationIsVisible = 0;
			defaultConfigurationName = Release;
		};
/* End XCConfigurationList section */
	};
	rootObject = 87C0C51B2417C9C80093840D /* Project object */;
}
